<?xml version="1.0" encoding="utf-8"?>
<Project ToolsVersion="4.0" xmlns="http://schemas.microsoft.com/developer/msbuild/2003">
  <ItemGroup>
    <ClCompile Include="BEbraAndroid.cpp" />
    <ClCompile Include="..\src\BaseRenderWindow.cpp">
      <Filter>Source</Filter>
    </ClCompile>
    <ClCompile Include="..\src\Main.cpp">
      <Filter>Source</Filter>
    </ClCompile>
    <ClCompile Include="..\src\AudioSystem.cpp">
      <Filter>Source</Filter>
    </ClCompile>
    <ClCompile Include="..\src\Collider.cpp">
      <Filter>Source</Filter>
    </ClCompile>
    <ClCompile Include="..\src\RigidBoby.cpp">
      <Filter>Source</Filter>
    </ClCompile>
    <ClCompile Include="..\src\ScriptState.cpp">
      <Filter>Source</Filter>
    </ClCompile>
    <ClCompile Include="..\src\ObjectFactoryFacade.cpp">
      <Filter>Source</Filter>
    </ClCompile>
    <ClCompile Include="..\src\VkBuffer.cpp">
      <Filter>Source</Filter>
    </ClCompile>
    <ClCompile Include="..\src\Physics.cpp">
      <Filter>Source</Filter>
    </ClCompile>
    <ClCompile Include="..\src\RenderObject.cpp">
      <Filter>Source</Filter>
    </ClCompile>
    <ClCompile Include="..\src\Camera.cpp">
      <Filter>Source</Filter>
    </ClCompile>
    <ClCompile Include="..\src\AngelScript.cpp">
      <Filter>Source</Filter>
    </ClCompile>
    <ClCompile Include="..\src\ColliderFactory.cpp">
      <Filter>Source</Filter>
    </ClCompile>
    <ClCompile Include="..\src\GameObject.cpp">
      <Filter>Source</Filter>
    </ClCompile>
    <ClCompile Include="..\src\GameObjectFactory.cpp">
      <Filter>Source</Filter>
    </ClCompile>
    <ClCompile Include="..\src\Transform.cpp">
      <Filter>Source</Filter>
    </ClCompile>
    <ClCompile Include="..\src\VulkanRender.cpp">
      <Filter>Source</Filter>
    </ClCompile>
    <ClCompile Include="..\src\utils.cpp">
      <Filter>Source</Filter>
    </ClCompile>
    <ClCompile Include="..\src\Texture.cpp">
      <Filter>Source</Filter>
    </ClCompile>
    <ClCompile Include="..\src\VulkanRenderObjectFactory.cpp">
      <Filter>Source</Filter>
    </ClCompile>
    <ClCompile Include="..\src\RigidBodyFactory.cpp">
      <Filter>Source</Filter>
    </ClCompile>
    <ClCompile Include="..\src\GameComponentDestroyer.cpp">
      <Filter>Source</Filter>
    </ClCompile>
    <ClCompile Include="..\src\VulkanObjects.cpp">
      <Filter>Source</Filter>
    </ClCompile>
    <ClCompile Include="..\src\Math.cpp">
      <Filter>Source</Filter>
    </ClCompile>
    <ClCompile Include="..\src\VulkanTextureFactory.cpp">
      <Filter>Source</Filter>
    </ClCompile>
    <ClCompile Include="..\src\DescriptorPool.cpp">
      <Filter>Source</Filter>
    </ClCompile>
    <ClCompile Include="..\src\AngelScriptEngine.cpp">
      <Filter>Source</Filter>
    </ClCompile>
    <ClCompile Include="..\src\Shader.cpp">
      <Filter>Source</Filter>
    </ClCompile>
    <ClCompile Include="..\src\ScriptManager.cpp">
      <Filter>Source</Filter>
    </ClCompile>
    <ClCompile Include="..\src\RenderBufferPool.cpp">
      <Filter>Source</Filter>
    </ClCompile>
    <ClCompile Include="..\src\Debug.cpp">
      <Filter>Source</Filter>
    </ClCompile>
    <ClCompile Include="..\src\TransformFactory.cpp">
      <Filter>Source</Filter>
    </ClCompile>
    <ClCompile Include="..\src\Input.cpp">
      <Filter>Source</Filter>
    </ClCompile>
    <ClCompile Include="..\src\Time.cpp">
      <Filter>Source</Filter>
    </ClCompile>
    <ClCompile Include="..\src\Pipeline.cpp">
      <Filter>Source</Filter>
    </ClCompile>
    <ClCompile Include="..\src\VulkanWindow.cpp">
      <Filter>Source</Filter>
    </ClCompile>
    <ClCompile Include="..\src\MeshFactory.cpp">
      <Filter>Source</Filter>
    </ClCompile>
    <ClCompile Include="..\src\CommandBuffer.cpp">
      <Filter>Source</Filter>
    </ClCompile>
    <ClCompile Include="..\src\DebugUI.cpp">
      <Filter>Source</Filter>
    </ClCompile>
    <ClCompile Include="..\src\CommandPool.cpp">
      <Filter>Source</Filter>
    </ClCompile>
    <ClCompile Include="..\src\AbstractScriptObject.cpp">
      <Filter>Source</Filter>
    </ClCompile>
    <ClCompile Include="..\src\Model.cpp">
      <Filter>Source</Filter>
    </ClCompile>
    <ClCompile Include="..\src\DescriptorSet.cpp">
      <Filter>Source</Filter>
    </ClCompile>
    <ClCompile Include="..\src\Vertex.cpp">
      <Filter>Source</Filter>
    </ClCompile>
    <ClCompile Include="..\src\DescriptorSetLayout.cpp">
      <Filter>Source</Filter>
    </ClCompile>
    <ClCompile Include="..\src\FileSystem.cpp">
      <Filter>Source</Filter>
    </ClCompile>
    <ClCompile Include="..\src\Network.cpp">
      <Filter>Source</Filter>
    </ClCompile>
    <ClCompile Include="..\src\PythonEngine.cpp">
      <Filter>Source</Filter>
    </ClCompile>
    <ClCompile Include="..\src\PythonScript.cpp">
      <Filter>Source</Filter>
    </ClCompile>
  </ItemGroup>
  <ItemGroup>
    <ClInclude Include="BEbraAndroid.h" />
    <ClInclude Include="pch.h" />
  </ItemGroup>
  <ItemGroup>
    <Filter Include="Source">
      <UniqueIdentifier>{1a543c2f-719c-46e9-bbe7-3f1d72ebf5dc}</UniqueIdentifier>
    </Filter>
  </ItemGroup>
</Project>