<?xml version="1.0" encoding="utf-8"?>
<Project ToolsVersion="4.0" xmlns="http://schemas.microsoft.com/developer/msbuild/2003">
  <ItemGroup>
    <Filter Include="Исходные файлы">
      <UniqueIdentifier>{4FC737F1-C7A5-4376-A066-2A32D752A2FF}</UniqueIdentifier>
      <Extensions>cpp;c;cc;cxx;c++;cppm;ixx;def;odl;idl;hpj;bat;asm;asmx</Extensions>
    </Filter>
    <Filter Include="Файлы заголовков">
      <UniqueIdentifier>{93995380-89BD-4b04-88EB-625FBE52EBFB}</UniqueIdentifier>
      <Extensions>h;hh;hpp;hxx;h++;hm;inl;inc;ipp;xsd</Extensions>
    </Filter>
    <Filter Include="Файлы ресурсов">
      <UniqueIdentifier>{67DA6AB6-F800-4c08-8B7A-83BB121AAD01}</UniqueIdentifier>
      <Extensions>rc;ico;cur;bmp;dlg;rc2;rct;bin;rgs;gif;jpg;jpeg;jpe;resx;tiff;tif;png;wav;mfcribbon-ms</Extensions>
    </Filter>
    <Filter Include="Файлы ресурсов\Shaders">
      <UniqueIdentifier>{d044d852-6e83-4ea8-bfa2-0775703f031a}</UniqueIdentifier>
    </Filter>
    <Filter Include="Файлы ресурсов\Scripts">
      <UniqueIdentifier>{b6b6dd5f-f4fe-40ac-acdc-df8586690c4e}</UniqueIdentifier>
    </Filter>
    <Filter Include="Исходные файлы\Script">
      <UniqueIdentifier>{c9bd4021-c189-4f9a-97f9-663ca6037685}</UniqueIdentifier>
    </Filter>
    <Filter Include="Исходные файлы\Physics">
      <UniqueIdentifier>{26072a96-8552-4e48-8f9e-263887586f1d}</UniqueIdentifier>
    </Filter>
    <Filter Include="Файлы ресурсов\Shaders\Vulkan">
      <UniqueIdentifier>{4dfd22de-5eea-429f-87df-3ec307a7b9b3}</UniqueIdentifier>
    </Filter>
    <Filter Include="Исходные файлы\Render">
      <UniqueIdentifier>{9983e18b-45e6-482e-b604-88740bfd248e}</UniqueIdentifier>
    </Filter>
    <Filter Include="Исходные файлы\Render\Vulkan">
      <UniqueIdentifier>{29ba9f6d-5663-483a-a828-ed4045c26232}</UniqueIdentifier>
    </Filter>
  </ItemGroup>
  <ItemGroup>
    <ClCompile Include="Main.cpp">
      <Filter>Исходные файлы</Filter>
    </ClCompile>
    <ClCompile Include="DescriptorPool.cpp">
      <Filter>Исходные файлы\Render\Vulkan</Filter>
    </ClCompile>
    <ClCompile Include="CommandPool.cpp">
      <Filter>Исходные файлы\Render\Vulkan</Filter>
    </ClCompile>
    <ClCompile Include="Physics.cpp">
      <Filter>Исходные файлы\Physics</Filter>
    </ClCompile>
    <ClCompile Include="VulkanRender.cpp">
      <Filter>Исходные файлы\Render\Vulkan</Filter>
    </ClCompile>
    <ClCompile Include="VulkanBuffer.cxx">
      <Filter>Исходные файлы</Filter>
    </ClCompile>
    <ClCompile Include="GameObjectFactory.cpp">
      <Filter>Исходные файлы</Filter>
    </ClCompile>
    <ClCompile Include="ScriptManager.cpp">
      <Filter>Исходные файлы</Filter>
    </ClCompile>
    <ClCompile Include="BaseRenderWindow.cpp">
      <Filter>Исходные файлы</Filter>
    </ClCompile>
    <ClCompile Include="ScriptState.cpp">
      <Filter>Исходные файлы</Filter>
    </ClCompile>
    <ClCompile Include="VulkanWindow.cpp">
      <Filter>Исходные файлы\Render\Vulkan</Filter>
    </ClCompile>
    <ClCompile Include="MeshFactory.cpp">
      <Filter>Исходные файлы</Filter>
    </ClCompile>
    <ClCompile Include="ObjectFactoryFacade.cpp">
      <Filter>Исходные файлы</Filter>
    </ClCompile>
    <ClCompile Include="CommandBuffer.cpp">
      <Filter>Исходные файлы\Render\Vulkan</Filter>
    </ClCompile>
    <ClCompile Include="VulkanTextureFactory.cpp">
      <Filter>Исходные файлы\Render\Vulkan</Filter>
    </ClCompile>
    <ClCompile Include="Pipeline.cpp">
      <Filter>Исходные файлы\Render\Vulkan</Filter>
    </ClCompile>
    <ClCompile Include="VulkanRenderObjectFactory.cpp">
      <Filter>Исходные файлы\Render\Vulkan</Filter>
    </ClCompile>
    <ClCompile Include="VulkanObjects.cxx">
      <Filter>Исходные файлы\Render\Vulkan</Filter>
    </ClCompile>
    <ClCompile Include="AngelScriptEngine.cpp">
      <Filter>Исходные файлы\Script</Filter>
    </ClCompile>
    <ClCompile Include="AngelScript.cpp">
      <Filter>Исходные файлы\Script</Filter>
    </ClCompile>
    <ClCompile Include="RigidBodyFactory.cxx">
      <Filter>Исходные файлы\Physics</Filter>
    </ClCompile>
    <ClCompile Include="ColliderFactory.cpp">
      <Filter>Исходные файлы\Physics</Filter>
    </ClCompile>
    <ClCompile Include="RenderWorld.cxx">
      <Filter>Исходные файлы</Filter>
    </ClCompile>
    <ClCompile Include="CVisitorComponentDestroyer.ixx">
      <Filter>Файлы заголовков</Filter>
    </ClCompile>
    <ClCompile Include="CTextureFactory.ixx">
      <Filter>Файлы заголовков</Filter>
    </ClCompile>
    <ClCompile Include="Vector3.ixx">
      <Filter>Файлы заголовков</Filter>
    </ClCompile>
    <ClCompile Include="RenderWorld.ixx">
      <Filter>Файлы заголовков</Filter>
    </ClCompile>
    <ClCompile Include="GameComponent.ixx">
      <Filter>Файлы заголовков</Filter>
    </ClCompile>
    <ClCompile Include="VisitorGameComponentDestroyer.ixx">
      <Filter>Файлы заголовков</Filter>
    </ClCompile>
    <ClCompile Include="Line.ixx">
      <Filter>Файлы заголовков</Filter>
    </ClCompile>
    <ClCompile Include="Transform.ixx">
      <Filter>Файлы заголовков</Filter>
    </ClCompile>
    <ClCompile Include="Quaternion.ixx">
      <Filter>Файлы заголовков</Filter>
    </ClCompile>
    <ClCompile Include="Collider.ixx">
      <Filter>Файлы заголовков</Filter>
    </ClCompile>
    <ClCompile Include="RigidBody.ixx">
      <Filter>Файлы заголовков</Filter>
    </ClCompile>
    <ClCompile Include="Vector4.ixx">
      <Filter>Файлы заголовков</Filter>
    </ClCompile>
    <ClCompile Include="Math.ixx">
      <Filter>Файлы заголовков</Filter>
    </ClCompile>
    <ClCompile Include="matrix.ixx">
      <Filter>Файлы заголовков</Filter>
    </ClCompile>
    <ClCompile Include="Vector2.ixx">
      <Filter>Файлы заголовков</Filter>
    </ClCompile>
    <ClCompile Include="TransformFactory.ixx">
      <Filter>Файлы заголовков</Filter>
    </ClCompile>
    <ClCompile Include="RenderBuffer.ixx">
      <Filter>Файлы заголовков</Filter>
    </ClCompile>
    <ClCompile Include="Debug.ixx">
      <Filter>Файлы заголовков</Filter>
    </ClCompile>
    <ClCompile Include="utils.ixx">
      <Filter>Файлы заголовков</Filter>
    </ClCompile>
    <ClCompile Include="Camera.ixx">
      <Filter>Файлы заголовков</Filter>
    </ClCompile>
    <ClCompile Include="RenderObjects.ixx">
      <Filter>Файлы заголовков</Filter>
    </ClCompile>
    <ClCompile Include="VulkanObjects.ixx">
      <Filter>Файлы заголовков</Filter>
    </ClCompile>
    <ClCompile Include="VulkanBuffer.ixx">
      <Filter>Файлы заголовков</Filter>
    </ClCompile>
    <ClCompile Include="Texture.ixx">
      <Filter>Файлы заголовков</Filter>
    </ClCompile>
    <ClCompile Include="AbstractRender.ixx">
      <Filter>Файлы заголовков</Filter>
    </ClCompile>
    <ClCompile Include="Vertex.ixx">
      <Filter>Файлы заголовков</Filter>
    </ClCompile>
    <ClCompile Include="RenderObjectFactory.ixx">
      <Filter>Файлы заголовков</Filter>
    </ClCompile>
    <ClCompile Include="Model.ixx">
      <Filter>Файлы заголовков</Filter>
    </ClCompile>
    <ClCompile Include="RigidBodyFactory.ixx">
      <Filter>Файлы заголовков</Filter>
    </ClCompile>
    <ClCompile Include="GameObject.ixx">
      <Filter>Файлы заголовков</Filter>
    </ClCompile>
    <ClCompile Include="MeshFactory.ixx">
      <Filter>Файлы заголовков</Filter>
    </ClCompile>
    <ClCompile Include="Time.ixx">
      <Filter>Файлы заголовков</Filter>
    </ClCompile>
    <ClCompile Include="ScriptWrappers.ixx">
      <Filter>Файлы заголовков</Filter>
    </ClCompile>
    <ClCompile Include="TextureFactory.ixx">
      <Filter>Файлы заголовков</Filter>
    </ClCompile>
    <ClCompile Include="Input.ixx">
      <Filter>Файлы заголовков</Filter>
    </ClCompile>
    <ClCompile Include="ExecuteQueues.ixx">
      <Filter>Файлы заголовков</Filter>
    </ClCompile>
    <ClCompile Include="CreateInfoStructures.ixx">
      <Filter>Файлы заголовков</Filter>
    </ClCompile>
    <ClCompile Include="CommandBuffer.ixx">
      <Filter>Файлы заголовков</Filter>
    </ClCompile>
    <ClCompile Include="ColliderFactory.ixx">
      <Filter>Файлы заголовков</Filter>
    </ClCompile>
    <ClCompile Include="BaseScriptEngine.ixx">
      <Filter>Файлы заголовков</Filter>
    </ClCompile>
    <ClCompile Include="BaseScript.ixx">
      <Filter>Файлы заголовков</Filter>
    </ClCompile>
    <ClCompile Include="BaseRenderWindow.ixx">
      <Filter>Файлы заголовков</Filter>
    </ClCompile>
    <ClCompile Include="AngelScriptEngine.ixx">
      <Filter>Файлы заголовков</Filter>
    </ClCompile>
    <ClCompile Include="AngelScript.ixx">
      <Filter>Файлы заголовков</Filter>
    </ClCompile>
    <ClCompile Include="DescriptorPool.ixx">
      <Filter>Файлы заголовков</Filter>
    </ClCompile>
    <ClCompile Include="DescriptorSet.ixx">
      <Filter>Файлы заголовков</Filter>
    </ClCompile>
    <ClCompile Include="DescriptorSetLayouts.ixx">
      <Filter>Файлы заголовков</Filter>
    </ClCompile>
    <ClCompile Include="GameComponentCreateInfo.ixx">
      <Filter>Файлы заголовков</Filter>
    </ClCompile>
    <ClCompile Include="GameComponentDestroyer.ixx">
      <Filter>Файлы заголовков</Filter>
    </ClCompile>
    <ClCompile Include="GameObjectFactory.ixx">
      <Filter>Файлы заголовков</Filter>
    </ClCompile>
    <ClCompile Include="RenderBufferArray.ixx">
      <Filter>Файлы заголовков</Filter>
    </ClCompile>
    <ClCompile Include="ScriptManager.ixx">
      <Filter>Файлы заголовков</Filter>
    </ClCompile>
    <ClCompile Include="ScriptState.ixx">
      <Filter>Файлы заголовков</Filter>
    </ClCompile>
    <ClCompile Include="VulkanRenderObjectFactory.ixx">
      <Filter>Файлы заголовков</Filter>
    </ClCompile>
    <ClCompile Include="RenderObjects.cpp">
      <Filter>Исходные файлы</Filter>
    </ClCompile>
    <ClCompile Include="CommandPool.ixx">
      <Filter>Файлы заголовков</Filter>
    </ClCompile>
    <ClCompile Include="VulkanPipeline.ixx">
      <Filter>Файлы заголовков</Filter>
    </ClCompile>
    <ClCompile Include="Shader.ixx">
      <Filter>Файлы заголовков</Filter>
    </ClCompile>
    <ClCompile Include="ObjectFactoryFacade.ixx">
      <Filter>Файлы заголовков</Filter>
    </ClCompile>
    <ClCompile Include="VulkanRender.ixx">
      <Filter>Файлы заголовков</Filter>
    </ClCompile>
    <ClCompile Include="RenderData.ixx">
      <Filter>Файлы заголовков</Filter>
    </ClCompile>
    <ClCompile Include="VulkanTextureFactory.ixx">
      <Filter>Файлы заголовков</Filter>
    </ClCompile>
    <ClCompile Include="VulkanWindow.ixx">
      <Filter>Файлы заголовков</Filter>
    </ClCompile>
    <ClCompile Include="VulkanRenderBufferArray.ixx">
      <Filter>Файлы заголовков</Filter>
    </ClCompile>
    <ClCompile Include="Collider.cpp">
      <Filter>Исходные файлы\Physics</Filter>
    </ClCompile>
    <ClCompile Include="RigidBody.cpp">
      <Filter>Исходные файлы\Physics</Filter>
    </ClCompile>
    <ClCompile Include="GameComponentDestroyer.cpp">
      <Filter>Исходные файлы</Filter>
    </ClCompile>
  </ItemGroup>
  <ItemGroup>
    <None Include="TAA.vert">
      <Filter>Файлы ресурсов\Shaders</Filter>
    </None>
    <None Include="scripts\BEbraEngine.as">
      <Filter>Файлы ресурсов\Scripts</Filter>
    </None>
    <None Include="scripts\test.as">
      <Filter>Файлы ресурсов\Scripts</Filter>
    </None>
    <None Include="shaders\shaderWrite.frag">
      <Filter>Файлы ресурсов\Shaders\Vulkan</Filter>
    </None>
    <None Include="shaders\shaderWrite.vert">
      <Filter>Файлы ресурсов\Shaders\Vulkan</Filter>
    </None>
    <None Include="cpp.hint" />
    <None Include="shaders\shaderRead.frag">
      <Filter>Файлы ресурсов\Shaders\Vulkan</Filter>
    </None>
    <None Include="shaders\shaderRead.vert">
      <Filter>Файлы ресурсов\Shaders\Vulkan</Filter>
    </None>
    <None Include="shaders\Line.vert">
      <Filter>Файлы ресурсов\Shaders\Vulkan</Filter>
    </None>
    <None Include="shaders\Line.frag">
      <Filter>Файлы ресурсов\Shaders\Vulkan</Filter>
    </None>
  </ItemGroup>
  <ItemGroup>
    <Text Include="..\CMakeLists.txt">
      <Filter>Файлы ресурсов</Filter>
    </Text>
  </ItemGroup>
  <ItemGroup>
    <ClInclude Include="platform.hpp">
      <Filter>Файлы заголовков</Filter>
    </ClInclude>
    <ClInclude Include="platform_window.hpp">
      <Filter>Файлы заголовков</Filter>
    </ClInclude>
    <ClInclude Include="Physics.hpp">
      <Filter>Файлы заголовков</Filter>
    </ClInclude>
  </ItemGroup>
</Project>