<?xml version="1.0" encoding="utf-8"?>
<Project ToolsVersion="4.0" xmlns="http://schemas.microsoft.com/developer/msbuild/2003">
  <ItemGroup>
    <Filter Include="Исходные файлы">
      <UniqueIdentifier>{4FC737F1-C7A5-4376-A066-2A32D752A2FF}</UniqueIdentifier>
      <Extensions>cpp;c;cc;cxx;c++;cppm;ixx;def;odl;idl;hpj;bat;asm;asmx</Extensions>
    </Filter>
    <Filter Include="Файлы заголовков">
      <UniqueIdentifier>{93995380-89BD-4b04-88EB-625FBE52EBFB}</UniqueIdentifier>
      <Extensions>h;hh;hpp;hxx;h++;hm;inl;inc;ipp;xsd</Extensions>
    </Filter>
    <Filter Include="Файлы ресурсов">
      <UniqueIdentifier>{67DA6AB6-F800-4c08-8B7A-83BB121AAD01}</UniqueIdentifier>
      <Extensions>rc;ico;cur;bmp;dlg;rc2;rct;bin;rgs;gif;jpg;jpeg;jpe;resx;tiff;tif;png;wav;mfcribbon-ms</Extensions>
    </Filter>
    <Filter Include="Файлы ресурсов\Shaders">
      <UniqueIdentifier>{d044d852-6e83-4ea8-bfa2-0775703f031a}</UniqueIdentifier>
    </Filter>
    <Filter Include="Файлы ресурсов\Scripts">
      <UniqueIdentifier>{b6b6dd5f-f4fe-40ac-acdc-df8586690c4e}</UniqueIdentifier>
    </Filter>
    <Filter Include="Исходные файлы\Script">
      <UniqueIdentifier>{c9bd4021-c189-4f9a-97f9-663ca6037685}</UniqueIdentifier>
    </Filter>
    <Filter Include="Исходные файлы\Physics">
      <UniqueIdentifier>{26072a96-8552-4e48-8f9e-263887586f1d}</UniqueIdentifier>
    </Filter>
    <Filter Include="Файлы ресурсов\Shaders\Vulkan">
      <UniqueIdentifier>{4dfd22de-5eea-429f-87df-3ec307a7b9b3}</UniqueIdentifier>
    </Filter>
    <Filter Include="Исходные файлы\Render">
      <UniqueIdentifier>{9983e18b-45e6-482e-b604-88740bfd248e}</UniqueIdentifier>
    </Filter>
    <Filter Include="Исходные файлы\Render\Vulkan">
      <UniqueIdentifier>{29ba9f6d-5663-483a-a828-ed4045c26232}</UniqueIdentifier>
    </Filter>
    <Filter Include="Файлы заголовков\declaration">
      <UniqueIdentifier>{a54818b6-c4b3-4a85-994c-a7bb58dc27c8}</UniqueIdentifier>
    </Filter>
    <Filter Include="Файлы заголовков\Objects">
      <UniqueIdentifier>{21f619ed-156f-4245-a5b4-d16ebed3f019}</UniqueIdentifier>
    </Filter>
    <Filter Include="Файлы заголовков\Math">
      <UniqueIdentifier>{8acc37cf-1ab1-4493-9988-7fb45df51cdb}</UniqueIdentifier>
    </Filter>
    <Filter Include="Файлы заголовков\utils">
      <UniqueIdentifier>{96e10fb7-33ab-4997-8116-86889fea4028}</UniqueIdentifier>
    </Filter>
    <Filter Include="Файлы заголовков\Concepts">
      <UniqueIdentifier>{9914bf86-6cb5-4b2d-84c4-3488ad9db92e}</UniqueIdentifier>
    </Filter>
    <Filter Include="Файлы заголовков\Factories">
      <UniqueIdentifier>{8a109ae3-6076-4ced-ae39-95232208e8ac}</UniqueIdentifier>
    </Filter>
    <Filter Include="Исходные файлы\Objects">
      <UniqueIdentifier>{9b47f1fc-2902-4753-86dc-40b5000e0cce}</UniqueIdentifier>
    </Filter>
    <Filter Include="Файлы заголовков\Factories\Destroyers">
      <UniqueIdentifier>{92293e32-1d61-4577-87e3-91deda63ed93}</UniqueIdentifier>
    </Filter>
    <Filter Include="Файлы заголовков\Interfaces">
      <UniqueIdentifier>{051baa13-91ee-4f7c-97d9-f619f9c9c45b}</UniqueIdentifier>
    </Filter>
  </ItemGroup>
  <ItemGroup>
    <ClCompile Include="Main.cpp">
      <Filter>Исходные файлы</Filter>
    </ClCompile>
    <ClCompile Include="DescriptorPool.cpp">
      <Filter>Исходные файлы\Render\Vulkan</Filter>
    </ClCompile>
    <ClCompile Include="CommandPool.cpp">
      <Filter>Исходные файлы\Render\Vulkan</Filter>
    </ClCompile>
    <ClCompile Include="Physics.cpp">
      <Filter>Исходные файлы\Physics</Filter>
    </ClCompile>
    <ClCompile Include="VulkanRender_impl.ixx">
      <Filter>Исходные файлы\Render\Vulkan</Filter>
    </ClCompile>
    <ClCompile Include="VulkanBuffer.cxx">
      <Filter>Исходные файлы</Filter>
    </ClCompile>
    <ClCompile Include="GameObjectFactory_impl.ixx">
      <Filter>Исходные файлы</Filter>
    </ClCompile>
    <ClCompile Include="ScriptManager.cpp">
      <Filter>Исходные файлы</Filter>
    </ClCompile>
    <ClCompile Include="Window_impl.ixx">
      <Filter>Исходные файлы</Filter>
    </ClCompile>
    <ClCompile Include="ScriptState.cpp">
      <Filter>Исходные файлы</Filter>
    </ClCompile>
    <ClCompile Include="VulkanWindow.cpp">
      <Filter>Исходные файлы\Render\Vulkan</Filter>
    </ClCompile>
    <ClCompile Include="MeshFactory.cpp">
      <Filter>Исходные файлы</Filter>
    </ClCompile>
    <ClCompile Include="ObjectFactoryFacade.cpp">
      <Filter>Исходные файлы</Filter>
    </ClCompile>
    <ClCompile Include="CommandBuffer.cpp">
      <Filter>Исходные файлы\Render\Vulkan</Filter>
    </ClCompile>
    <ClCompile Include="VulkanTextureFactory.cxx">
      <Filter>Исходные файлы\Render\Vulkan</Filter>
    </ClCompile>
    <ClCompile Include="Pipeline.cpp">
      <Filter>Исходные файлы\Render\Vulkan</Filter>
    </ClCompile>
    <ClCompile Include="VulkanRenderObjectFactory.cxx">
      <Filter>Исходные файлы\Render\Vulkan</Filter>
    </ClCompile>
    <ClCompile Include="VulkanObjects.cxx">
      <Filter>Исходные файлы\Render\Vulkan</Filter>
    </ClCompile>
    <ClCompile Include="AngelScriptEngine.cpp">
      <Filter>Исходные файлы\Script</Filter>
    </ClCompile>
    <ClCompile Include="RigidBodyFactory.cxx">
      <Filter>Исходные файлы\Physics</Filter>
    </ClCompile>
    <ClCompile Include="ColliderFactory_impl.ixx">
      <Filter>Исходные файлы\Physics</Filter>
    </ClCompile>
    <ClCompile Include="RenderWorld.cxx">
      <Filter>Исходные файлы</Filter>
    </ClCompile>
    <ClCompile Include="RenderWorld.ixx">
      <Filter>Файлы заголовков</Filter>
    </ClCompile>
    <ClCompile Include="Quaternion.ixx">
      <Filter>Файлы заголовков</Filter>
    </ClCompile>
    <ClCompile Include="RenderBuffer.ixx">
      <Filter>Файлы заголовков</Filter>
    </ClCompile>
    <ClCompile Include="VulkanObjects.ixx">
      <Filter>Файлы заголовков</Filter>
    </ClCompile>
    <ClCompile Include="VulkanBuffer.ixx">
      <Filter>Файлы заголовков</Filter>
    </ClCompile>
    <ClCompile Include="BitMap.ixx">
      <Filter>Файлы заголовков</Filter>
    </ClCompile>
    <ClCompile Include="Vertex.ixx">
      <Filter>Файлы заголовков</Filter>
    </ClCompile>
    <ClCompile Include="Time.ixx">
      <Filter>Файлы заголовков</Filter>
    </ClCompile>
    <ClCompile Include="ScriptWrappers.ixx">
      <Filter>Файлы заголовков</Filter>
    </ClCompile>
    <ClCompile Include="Input.ixx">
      <Filter>Файлы заголовков</Filter>
    </ClCompile>
    <ClCompile Include="ExecuteQueues.ixx">
      <Filter>Файлы заголовков</Filter>
    </ClCompile>
    <ClCompile Include="CreateInfoStructures.ixx">
      <Filter>Файлы заголовков</Filter>
    </ClCompile>
    <ClCompile Include="BaseScriptEngine.ixx">
      <Filter>Файлы заголовков</Filter>
    </ClCompile>
    <ClCompile Include="BaseScript.ixx">
      <Filter>Файлы заголовков</Filter>
    </ClCompile>
    <ClCompile Include="Window.ixx">
      <Filter>Файлы заголовков</Filter>
    </ClCompile>
    <ClCompile Include="AngelScriptEngine.ixx">
      <Filter>Файлы заголовков</Filter>
    </ClCompile>
    <ClCompile Include="DescriptorPool.ixx">
      <Filter>Файлы заголовков</Filter>
    </ClCompile>
    <ClCompile Include="DescriptorSet.ixx">
      <Filter>Файлы заголовков</Filter>
    </ClCompile>
    <ClCompile Include="DescriptorSetLayouts.ixx">
      <Filter>Файлы заголовков</Filter>
    </ClCompile>
    <ClCompile Include="GameComponentCreateInfo.ixx">
      <Filter>Файлы заголовков</Filter>
    </ClCompile>
    <ClCompile Include="GameComponentDestroyer.ixx">
      <Filter>Файлы заголовков</Filter>
    </ClCompile>
    <ClCompile Include="RenderBufferArray.ixx">
      <Filter>Файлы заголовков</Filter>
    </ClCompile>
    <ClCompile Include="ScriptManager.ixx">
      <Filter>Файлы заголовков</Filter>
    </ClCompile>
    <ClCompile Include="ScriptState.ixx">
      <Filter>Файлы заголовков</Filter>
    </ClCompile>
    <ClCompile Include="CommandPool.ixx">
      <Filter>Файлы заголовков</Filter>
    </ClCompile>
    <ClCompile Include="VulkanPipeline.ixx">
      <Filter>Файлы заголовков</Filter>
    </ClCompile>
    <ClCompile Include="Shader.ixx">
      <Filter>Файлы заголовков</Filter>
    </ClCompile>
    <ClCompile Include="VulkanRender.ixx">
      <Filter>Файлы заголовков</Filter>
    </ClCompile>
    <ClCompile Include="RenderData.ixx">
      <Filter>Файлы заголовков</Filter>
    </ClCompile>
    <ClCompile Include="VulkanWindow.ixx">
      <Filter>Файлы заголовков</Filter>
    </ClCompile>
    <ClCompile Include="VulkanRenderBufferArray.ixx">
      <Filter>Файлы заголовков</Filter>
    </ClCompile>
    <ClCompile Include="GameComponentDestroyer_impl.ixx">
      <Filter>Исходные файлы</Filter>
    </ClCompile>
    <ClCompile Include="RenderHelper.ixx">
      <Filter>Файлы заголовков</Filter>
    </ClCompile>
    <ClCompile Include="VulkanRenderAllocator.ixx">
      <Filter>Файлы заголовков</Filter>
    </ClCompile>
    <ClCompile Include="VulkanRenderAllocator.cxx">
      <Filter>Исходные файлы</Filter>
    </ClCompile>
    <ClCompile Include="CRenderObjectFactoryDecl.ixx">
      <Filter>Файлы заголовков</Filter>
    </ClCompile>
    <ClCompile Include="Task.ixx">
      <Filter>Файлы заголовков</Filter>
    </ClCompile>
    <ClCompile Include="RenderAllocatorTypeRenderBuffer.ixx">
      <Filter>Файлы заголовков</Filter>
    </ClCompile>
    <ClCompile Include="Vector3_impl.ixx">
      <Filter>Исходные файлы</Filter>
    </ClCompile>
    <ClCompile Include="Math.cxx">
      <Filter>Исходные файлы</Filter>
    </ClCompile>
    <ClCompile Include="Vector2.cxx">
      <Filter>Исходные файлы</Filter>
    </ClCompile>
    <ClCompile Include="Vector4.cxx">
      <Filter>Исходные файлы</Filter>
    </ClCompile>
    <ClCompile Include="Matrix.cxx">
      <Filter>Исходные файлы</Filter>
    </ClCompile>
    <ClCompile Include="RenderObject.cxx">
      <Filter>Исходные файлы</Filter>
    </ClCompile>
    <ClCompile Include="RenderObjectDecl.ixx">
      <Filter>Файлы заголовков\declaration</Filter>
    </ClCompile>
    <ClCompile Include="RenderDataDecl.ixx">
      <Filter>Файлы заголовков\declaration</Filter>
    </ClCompile>
    <ClCompile Include="AssetsStore.ixx">
      <Filter>Файлы заголовков</Filter>
    </ClCompile>
    <ClCompile Include="AssetsStore.cxx">
      <Filter>Исходные файлы</Filter>
    </ClCompile>
    <ClCompile Include="AngelScript.ixx">
      <Filter>Файлы заголовков\Objects</Filter>
    </ClCompile>
    <ClCompile Include="Asset.ixx">
      <Filter>Файлы заголовков\Objects</Filter>
    </ClCompile>
    <ClCompile Include="Camera.ixx">
      <Filter>Файлы заголовков\Objects</Filter>
    </ClCompile>
    <ClCompile Include="Collider.ixx">
      <Filter>Файлы заголовков\Objects</Filter>
    </ClCompile>
    <ClCompile Include="GameObject.ixx">
      <Filter>Файлы заголовков\Objects</Filter>
    </ClCompile>
    <ClCompile Include="RigidBody.ixx">
      <Filter>Файлы заголовков\Objects</Filter>
    </ClCompile>
    <ClCompile Include="Texture.ixx">
      <Filter>Файлы заголовков\Objects</Filter>
    </ClCompile>
    <ClCompile Include="Transform.ixx">
      <Filter>Файлы заголовков\Objects</Filter>
    </ClCompile>
    <ClCompile Include="DirectionLight.ixx">
      <Filter>Файлы заголовков\Objects</Filter>
    </ClCompile>
    <ClCompile Include="Light.ixx">
      <Filter>Файлы заголовков\Objects</Filter>
    </ClCompile>
    <ClCompile Include="Line.ixx">
      <Filter>Файлы заголовков\Objects</Filter>
    </ClCompile>
    <ClCompile Include="GameComponent.ixx">
      <Filter>Файлы заголовков\Objects</Filter>
    </ClCompile>
    <ClCompile Include="Material.ixx">
      <Filter>Файлы заголовков\Objects</Filter>
    </ClCompile>
    <ClCompile Include="Model.ixx">
      <Filter>Файлы заголовков\Objects</Filter>
    </ClCompile>
    <ClCompile Include="RenderObject.ixx">
      <Filter>Файлы заголовков\Objects</Filter>
    </ClCompile>
    <ClCompile Include="Vector2.ixx">
      <Filter>Файлы заголовков\Math</Filter>
    </ClCompile>
    <ClCompile Include="Vector3.ixx">
      <Filter>Файлы заголовков\Math</Filter>
    </ClCompile>
    <ClCompile Include="Vector4.ixx">
      <Filter>Файлы заголовков\Math</Filter>
    </ClCompile>
    <ClCompile Include="Math.ixx">
      <Filter>Файлы заголовков\Math</Filter>
    </ClCompile>
    <ClCompile Include="utils.ixx">
      <Filter>Файлы заголовков\utils</Filter>
    </ClCompile>
    <ClCompile Include="Concepts.ixx">
      <Filter>Файлы заголовков\Concepts</Filter>
    </ClCompile>
    <ClCompile Include="Exceptions.ixx">
      <Filter>Файлы заголовков</Filter>
    </ClCompile>
    <ClCompile Include="VulkanRenderObjectFactory.ixx">
      <Filter>Файлы заголовков\Factories</Filter>
    </ClCompile>
    <ClCompile Include="GameObjectFactory.ixx">
      <Filter>Файлы заголовков\Factories</Filter>
    </ClCompile>
    <ClCompile Include="ObjectFactoryFacade.ixx">
      <Filter>Файлы заголовков\Factories</Filter>
    </ClCompile>
    <ClCompile Include="MeshFactory.ixx">
      <Filter>Файлы заголовков\Factories</Filter>
    </ClCompile>
    <ClCompile Include="TransformFactory.ixx">
      <Filter>Файлы заголовков\Factories</Filter>
    </ClCompile>
    <ClCompile Include="RigidBodyFactory.ixx">
      <Filter>Файлы заголовков\Factories</Filter>
    </ClCompile>
    <ClCompile Include="VulkanTextureFactory.ixx">
      <Filter>Файлы заголовков\Factories</Filter>
    </ClCompile>
    <ClCompile Include="ColliderFactory.ixx">
      <Filter>Файлы заголовков\Factories</Filter>
    </ClCompile>
    <ClCompile Include="Logger.ixx">
      <Filter>Файлы заголовков</Filter>
    </ClCompile>
    <ClCompile Include="GameComponentDestroyerDecl.ixx">
      <Filter>Файлы заголовков\declaration</Filter>
    </ClCompile>
    <ClCompile Include="RigidBodyFactoryDecl.ixx">
      <Filter>Файлы заголовков\declaration</Filter>
    </ClCompile>
    <ClCompile Include="Transform_impl.ixx">
      <Filter>Исходные файлы\Objects</Filter>
    </ClCompile>
    <ClCompile Include="Collider_impl.ixx">
      <Filter>Исходные файлы\Objects</Filter>
    </ClCompile>
    <ClCompile Include="RigidBody_impl.ixx">
      <Filter>Исходные файлы\Objects</Filter>
    </ClCompile>
    <ClCompile Include="GameObject_impl.ixx">
      <Filter>Исходные файлы\Objects</Filter>
    </ClCompile>
    <ClCompile Include="AngelScript_impl.ixx">
      <Filter>Исходные файлы\Objects</Filter>
    </ClCompile>
    <ClCompile Include="Matrix.ixx">
      <Filter>Файлы заголовков\Math</Filter>
    </ClCompile>
    <ClCompile Include="Camera_impl.ixx">
      <Filter>Исходные файлы\Objects</Filter>
    </ClCompile>
    <ClCompile Include="CVector3.ixx">
      <Filter>Файлы заголовков\Math</Filter>
    </ClCompile>
    <ClCompile Include="RenderState.ixx">
      <Filter>Файлы заголовков</Filter>
    </ClCompile>
    <ClCompile Include="Error.ixx">
      <Filter>Файлы заголовков</Filter>
    </ClCompile>
    <ClCompile Include="VulkanRenderState.ixx">
      <Filter>Файлы заголовков</Filter>
    </ClCompile>
    <ClCompile Include="CRenderState.ixx">
      <Filter>Файлы заголовков</Filter>
    </ClCompile>
    <ClCompile Include="AllocationStrategy.ixx">
      <Filter>Файлы заголовков</Filter>
    </ClCompile>
    <ClCompile Include="RenderBufferView.ixx">
      <Filter>Файлы заголовков</Filter>
    </ClCompile>
    <ClCompile Include="RenderBufferView_impl.ixx">
      <Filter>Исходные файлы</Filter>
    </ClCompile>
    <ClCompile Include="VulkanRenderBufferArray_impl.ixx">
      <Filter>Исходные файлы\Render\Vulkan</Filter>
    </ClCompile>
    <ClCompile Include="CreateInfoStructures_impl.ixx">
      <Filter>Исходные файлы\Render\Vulkan</Filter>
    </ClCompile>
    <ClCompile Include="LineShaderData.ixx">
      <Filter>Файлы заголовков\Objects</Filter>
    </ClCompile>
    <ClCompile Include="DirectionLight_impl.ixx">
      <Filter>Исходные файлы\Objects</Filter>
    </ClCompile>
    <ClCompile Include="Light_impl.ixx">
      <Filter>Исходные файлы\Objects</Filter>
    </ClCompile>
    <ClCompile Include="Engine.ixx">
      <Filter>Файлы заголовков</Filter>
    </ClCompile>
    <ClCompile Include="Engine_impl.ixx">
      <Filter>Исходные файлы</Filter>
    </ClCompile>
    <ClCompile Include="VulkanRenderProxy.ixx">
      <Filter>Файлы заголовков</Filter>
    </ClCompile>
    <ClCompile Include="VulkanRenderProxy_impl.ixx">
      <Filter>Исходные файлы\Render\Vulkan</Filter>
    </ClCompile>
    <ClCompile Include="MeshLoader.ixx">
      <Filter>Файлы заголовков\Factories</Filter>
    </ClCompile>
    <ClCompile Include="TextureLoader.ixx">
      <Filter>Файлы заголовков\Factories</Filter>
    </ClCompile>
    <ClCompile Include="stdDeclaration.ixx">
      <Filter>Файлы заголовков\utils</Filter>
    </ClCompile>
    <ClCompile Include="TextureData.ixx">
      <Filter>Файлы заголовков\Objects</Filter>
    </ClCompile>
    <ClCompile Include="TextureLoader.cxx">
      <Filter>Исходные файлы</Filter>
    </ClCompile>
    <ClCompile Include="RenderAllocator.ixx">
      <Filter>Файлы заголовков\Interfaces</Filter>
    </ClCompile>
    <ClCompile Include="CRenderObjectFactory.ixx">
      <Filter>Файлы заголовков\Interfaces</Filter>
    </ClCompile>
    <ClCompile Include="CTextureFactory.ixx">
      <Filter>Файлы заголовков\Interfaces</Filter>
    </ClCompile>
    <ClCompile Include="RenderObjectFactory.ixx">
      <Filter>Файлы заголовков\Interfaces</Filter>
    </ClCompile>
    <ClCompile Include="TextureFactory.ixx">
      <Filter>Файлы заголовков\Interfaces</Filter>
    </ClCompile>
    <ClCompile Include="CRenderAllocator.ixx">
      <Filter>Файлы заголовков\Interfaces</Filter>
    </ClCompile>
    <ClCompile Include="Render.ixx">
      <Filter>Файлы заголовков\Interfaces</Filter>
    </ClCompile>
    <ClCompile Include="CRender.ixx">
      <Filter>Файлы заголовков\Interfaces</Filter>
    </ClCompile>
    <ClCompile Include="VulkanIHateMS.ixx">
      <Filter>Файлы заголовков</Filter>
    </ClCompile>
  </ItemGroup>
  <ItemGroup>
    <None Include="TAA.vert">
      <Filter>Файлы ресурсов\Shaders</Filter>
    </None>
    <None Include="scripts\BEbraEngine.as">
      <Filter>Файлы ресурсов\Scripts</Filter>
    </None>
    <None Include="scripts\test.as">
      <Filter>Файлы ресурсов\Scripts</Filter>
    </None>
    <None Include="shaders\shaderWrite.frag">
      <Filter>Файлы ресурсов\Shaders\Vulkan</Filter>
    </None>
    <None Include="shaders\shaderWrite.vert">
      <Filter>Файлы ресурсов\Shaders\Vulkan</Filter>
    </None>
    <None Include="cpp.hint" />
    <None Include="shaders\shaderRead.frag">
      <Filter>Файлы ресурсов\Shaders\Vulkan</Filter>
    </None>
    <None Include="shaders\shaderRead.vert">
      <Filter>Файлы ресурсов\Shaders\Vulkan</Filter>
    </None>
    <None Include="shaders\Line.vert">
      <Filter>Файлы ресурсов\Shaders\Vulkan</Filter>
    </None>
    <None Include="shaders\Line.frag">
      <Filter>Файлы ресурсов\Shaders\Vulkan</Filter>
    </None>
  </ItemGroup>
  <ItemGroup>
    <Text Include="..\CMakeLists.txt">
      <Filter>Файлы ресурсов</Filter>
    </Text>
  </ItemGroup>
  <ItemGroup>
    <ClInclude Include="platform.hpp">
      <Filter>Файлы заголовков</Filter>
    </ClInclude>
    <ClInclude Include="platform_window.hpp">
      <Filter>Файлы заголовков</Filter>
    </ClInclude>
    <ClInclude Include="Physics.hpp">
      <Filter>Файлы заголовков</Filter>
    </ClInclude>
    <ClInclude Include="stdafx.h">
      <Filter>Файлы заголовков</Filter>
    </ClInclude>
    <ClInclude Include="CommandBuffer.hpp">
      <Filter>Файлы заголовков</Filter>
    </ClInclude>
    <ClInclude Include="MethodDefineMacros.hpp">
      <Filter>Файлы заголовков\Factories</Filter>
    </ClInclude>
  </ItemGroup>
</Project>